// !$*UTF8*$!
{
	archiveVersion = 1;
	classes = {
	};
	objectVersion = 46;
	objects = {

/* Begin PBXBuildFile section */
		CD910AC21FEE61C5007A7461 /* AppDelegate.swift in Sources */ = {isa = PBXBuildFile; fileRef = CD910AC11FEE61C5007A7461 /* AppDelegate.swift */; };
		CD910AC71FEE61C5007A7461 /* Main.storyboard in Resources */ = {isa = PBXBuildFile; fileRef = CD910AC51FEE61C5007A7461 /* Main.storyboard */; };
		CD910ACA1FEE61C5007A7461 /* project.xcdatamodeld in Sources */ = {isa = PBXBuildFile; fileRef = CD910AC81FEE61C5007A7461 /* project.xcdatamodeld */; };
		CD910ACC1FEE61C5007A7461 /* Assets.xcassets in Resources */ = {isa = PBXBuildFile; fileRef = CD910ACB1FEE61C5007A7461 /* Assets.xcassets */; };
		CD910ACF1FEE61C5007A7461 /* LaunchScreen.storyboard in Resources */ = {isa = PBXBuildFile; fileRef = CD910ACD1FEE61C5007A7461 /* LaunchScreen.storyboard */; };
		CD910ADB1FEFED5A007A7461 /* ViewController.swift in Sources */ = {isa = PBXBuildFile; fileRef = CD910ADA1FEFED5A007A7461 /* ViewController.swift */; };
		CD910ADF1FF07C89007A7461 /* RootTableViewController.swift in Sources */ = {isa = PBXBuildFile; fileRef = CD910ADE1FF07C89007A7461 /* RootTableViewController.swift */; };
		CD910AE11FF07C9E007A7461 /* SaveViewController.swift in Sources */ = {isa = PBXBuildFile; fileRef = CD910AE01FF07C9E007A7461 /* SaveViewController.swift */; };
		CD910AE31FF10693007A7461 /* ViewViewController.swift in Sources */ = {isa = PBXBuildFile; fileRef = CD910AE21FF10693007A7461 /* ViewViewController.swift */; };
		CD910AE51FF14455007A7461 /* MapViewController.swift in Sources */ = {isa = PBXBuildFile; fileRef = CD910AE41FF14455007A7461 /* MapViewController.swift */; };
		CD910AE71FF14E2F007A7461 /* Location.swift in Sources */ = {isa = PBXBuildFile; fileRef = CD910AE61FF14E2F007A7461 /* Location.swift */; };
		CD910AE91FF151BF007A7461 /* LoctionTableViewController.swift in Sources */ = {isa = PBXBuildFile; fileRef = CD910AE81FF151BF007A7461 /* LoctionTableViewController.swift */; };
		CD910B0F1FF16D4B007A7461 /* 01.jpg in Resources */ = {isa = PBXBuildFile; fileRef = CD910B051FF16D4B007A7461 /* 01.jpg */; };
		CD910B101FF16D4B007A7461 /* 02.jpg in Resources */ = {isa = PBXBuildFile; fileRef = CD910B061FF16D4B007A7461 /* 02.jpg */; };
		CD910B111FF16D4B007A7461 /* 03.jpg in Resources */ = {isa = PBXBuildFile; fileRef = CD910B071FF16D4B007A7461 /* 03.jpg */; };
		CD910B121FF16D4B007A7461 /* 04.jpg in Resources */ = {isa = PBXBuildFile; fileRef = CD910B081FF16D4B007A7461 /* 04.jpg */; };
		CD910B131FF16D4B007A7461 /* 05.jpg in Resources */ = {isa = PBXBuildFile; fileRef = CD910B091FF16D4B007A7461 /* 05.jpg */; };
		CD910B141FF16D4B007A7461 /* 06.jpg in Resources */ = {isa = PBXBuildFile; fileRef = CD910B0A1FF16D4B007A7461 /* 06.jpg */; };
		CD910B151FF16D4B007A7461 /* 0011.png in Resources */ = {isa = PBXBuildFile; fileRef = CD910B0B1FF16D4B007A7461 /* 0011.png */; };
		CD910B161FF16D4B007A7461 /* 0012.png in Resources */ = {isa = PBXBuildFile; fileRef = CD910B0C1FF16D4B007A7461 /* 0012.png */; };
		CD910B171FF16D4B007A7461 /* 0013.png in Resources */ = {isa = PBXBuildFile; fileRef = CD910B0D1FF16D4B007A7461 /* 0013.png */; };
		CD910B181FF16D4B007A7461 /* 0014.png in Resources */ = {isa = PBXBuildFile; fileRef = CD910B0E1FF16D4B007A7461 /* 0014.png */; };
/* End PBXBuildFile section */

/* Begin PBXFileReference section */
		CD910ABE1FEE61C5007A7461 /* project.app */ = {isa = PBXFileReference; explicitFileType = wrapper.application; includeInIndex = 0; path = project.app; sourceTree = BUILT_PRODUCTS_DIR; };
		CD910AC11FEE61C5007A7461 /* AppDelegate.swift */ = {isa = PBXFileReference; lastKnownFileType = sourcecode.swift; path = AppDelegate.swift; sourceTree = "<group>"; };
		CD910AC61FEE61C5007A7461 /* Base */ = {isa = PBXFileReference; lastKnownFileType = file.storyboard; name = Base; path = Base.lproj/Main.storyboard; sourceTree = "<group>"; };
		CD910AC91FEE61C5007A7461 /* project.xcdatamodel */ = {isa = PBXFileReference; lastKnownFileType = wrapper.xcdatamodel; path = project.xcdatamodel; sourceTree = "<group>"; };
		CD910ACB1FEE61C5007A7461 /* Assets.xcassets */ = {isa = PBXFileReference; lastKnownFileType = folder.assetcatalog; path = Assets.xcassets; sourceTree = "<group>"; };
		CD910ACE1FEE61C5007A7461 /* Base */ = {isa = PBXFileReference; lastKnownFileType = file.storyboard; name = Base; path = Base.lproj/LaunchScreen.storyboard; sourceTree = "<group>"; };
		CD910AD01FEE61C5007A7461 /* Info.plist */ = {isa = PBXFileReference; lastKnownFileType = text.plist.xml; path = Info.plist; sourceTree = "<group>"; };
		CD910ADA1FEFED5A007A7461 /* ViewController.swift */ = {isa = PBXFileReference; fileEncoding = 4; lastKnownFileType = sourcecode.swift; path = ViewController.swift; sourceTree = "<group>"; };
		CD910ADE1FF07C89007A7461 /* RootTableViewController.swift */ = {isa = PBXFileReference; fileEncoding = 4; lastKnownFileType = sourcecode.swift; path = RootTableViewController.swift; sourceTree = "<group>"; };
		CD910AE01FF07C9E007A7461 /* SaveViewController.swift */ = {isa = PBXFileReference; fileEncoding = 4; lastKnownFileType = sourcecode.swift; path = SaveViewController.swift; sourceTree = "<group>"; };
		CD910AE21FF10693007A7461 /* ViewViewController.swift */ = {isa = PBXFileReference; fileEncoding = 4; lastKnownFileType = sourcecode.swift; path = ViewViewController.swift; sourceTree = "<group>"; };
		CD910AE41FF14455007A7461 /* MapViewController.swift */ = {isa = PBXFileReference; fileEncoding = 4; lastKnownFileType = sourcecode.swift; path = MapViewController.swift; sourceTree = "<group>"; };
		CD910AE61FF14E2F007A7461 /* Location.swift */ = {isa = PBXFileReference; fileEncoding = 4; lastKnownFileType = sourcecode.swift; path = Location.swift; sourceTree = "<group>"; };
		CD910AE81FF151BF007A7461 /* LoctionTableViewController.swift */ = {isa = PBXFileReference; fileEncoding = 4; lastKnownFileType = sourcecode.swift; path = LoctionTableViewController.swift; sourceTree = "<group>"; };
		CD910B051FF16D4B007A7461 /* 01.jpg */ = {isa = PBXFileReference; lastKnownFileType = image.jpeg; name = 01.jpg; path = img/01.jpg; sourceTree = SOURCE_ROOT; };
		CD910B061FF16D4B007A7461 /* 02.jpg */ = {isa = PBXFileReference; lastKnownFileType = image.jpeg; name = 02.jpg; path = img/02.jpg; sourceTree = SOURCE_ROOT; };
		CD910B071FF16D4B007A7461 /* 03.jpg */ = {isa = PBXFileReference; lastKnownFileType = image.jpeg; name = 03.jpg; path = img/03.jpg; sourceTree = SOURCE_ROOT; };
		CD910B081FF16D4B007A7461 /* 04.jpg */ = {isa = PBXFileReference; lastKnownFileType = image.jpeg; name = 04.jpg; path = img/04.jpg; sourceTree = SOURCE_ROOT; };
		CD910B091FF16D4B007A7461 /* 05.jpg */ = {isa = PBXFileReference; lastKnownFileType = image.jpeg; name = 05.jpg; path = img/05.jpg; sourceTree = SOURCE_ROOT; };
		CD910B0A1FF16D4B007A7461 /* 06.jpg */ = {isa = PBXFileReference; lastKnownFileType = image.jpeg; name = 06.jpg; path = img/06.jpg; sourceTree = SOURCE_ROOT; };
		CD910B0B1FF16D4B007A7461 /* 0011.png */ = {isa = PBXFileReference; lastKnownFileType = image.png; name = 0011.png; path = img/0011.png; sourceTree = SOURCE_ROOT; };
		CD910B0C1FF16D4B007A7461 /* 0012.png */ = {isa = PBXFileReference; lastKnownFileType = image.png; name = 0012.png; path = img/0012.png; sourceTree = SOURCE_ROOT; };
		CD910B0D1FF16D4B007A7461 /* 0013.png */ = {isa = PBXFileReference; lastKnownFileType = image.png; name = 0013.png; path = img/0013.png; sourceTree = SOURCE_ROOT; };
		CD910B0E1FF16D4B007A7461 /* 0014.png */ = {isa = PBXFileReference; lastKnownFileType = image.png; name = 0014.png; path = img/0014.png; sourceTree = SOURCE_ROOT; };
/* End PBXFileReference section */

/* Begin PBXFrameworksBuildPhase section */
		CD910ABB1FEE61C5007A7461 /* Frameworks */ = {
			isa = PBXFrameworksBuildPhase;
			buildActionMask = 2147483647;
			files = (
			);
			runOnlyForDeploymentPostprocessing = 0;
		};
/* End PBXFrameworksBuildPhase section */

/* Begin PBXGroup section */
		CD910AB51FEE61C5007A7461 = {
			isa = PBXGroup;
			children = (
				CD910AC01FEE61C5007A7461 /* project */,
				CD910ABF1FEE61C5007A7461 /* Products */,
			);
			sourceTree = "<group>";
		};
		CD910ABF1FEE61C5007A7461 /* Products */ = {
			isa = PBXGroup;
			children = (
				CD910ABE1FEE61C5007A7461 /* project.app */,
			);
			name = Products;
			sourceTree = "<group>";
		};
		CD910AC01FEE61C5007A7461 /* project */ = {
			isa = PBXGroup;
			children = (
				CD910AEA1FF15B2E007A7461 /* img */,
				CD910AC11FEE61C5007A7461 /* AppDelegate.swift */,
				CD910ADE1FF07C89007A7461 /* RootTableViewController.swift */,
				CD910AE01FF07C9E007A7461 /* SaveViewController.swift */,
				CD910AE21FF10693007A7461 /* ViewViewController.swift */,
				CD910ADA1FEFED5A007A7461 /* ViewController.swift */,
				CD910AE41FF14455007A7461 /* MapViewController.swift */,
				CD910AE81FF151BF007A7461 /* LoctionTableViewController.swift */,
				CD910AE61FF14E2F007A7461 /* Location.swift */,
				CD910AC51FEE61C5007A7461 /* Main.storyboard */,
				CD910ACB1FEE61C5007A7461 /* Assets.xcassets */,
				CD910ACD1FEE61C5007A7461 /* LaunchScreen.storyboard */,
				CD910AD01FEE61C5007A7461 /* Info.plist */,
				CD910AC81FEE61C5007A7461 /* project.xcdatamodeld */,
			);
			path = project;
			sourceTree = "<group>";
		};
		CD910AEA1FF15B2E007A7461 /* img */ = {
			isa = PBXGroup;
			children = (
				CD910B051FF16D4B007A7461 /* 01.jpg */,
				CD910B061FF16D4B007A7461 /* 02.jpg */,
				CD910B071FF16D4B007A7461 /* 03.jpg */,
				CD910B081FF16D4B007A7461 /* 04.jpg */,
				CD910B091FF16D4B007A7461 /* 05.jpg */,
				CD910B0A1FF16D4B007A7461 /* 06.jpg */,
				CD910B0B1FF16D4B007A7461 /* 0011.png */,
				CD910B0C1FF16D4B007A7461 /* 0012.png */,
				CD910B0D1FF16D4B007A7461 /* 0013.png */,
				CD910B0E1FF16D4B007A7461 /* 0014.png */,
			);
			name = img;
			sourceTree = "<group>";
		};
/* End PBXGroup section */

/* Begin PBXNativeTarget section */
		CD910ABD1FEE61C5007A7461 /* project */ = {
			isa = PBXNativeTarget;
			buildConfigurationList = CD910AD31FEE61C5007A7461 /* Build configuration list for PBXNativeTarget "project" */;
			buildPhases = (
				CD910ABA1FEE61C5007A7461 /* Sources */,
				CD910ABB1FEE61C5007A7461 /* Frameworks */,
				CD910ABC1FEE61C5007A7461 /* Resources */,
			);
			buildRules = (
			);
			dependencies = (
			);
			name = project;
			productName = project;
			productReference = CD910ABE1FEE61C5007A7461 /* project.app */;
			productType = "com.apple.product-type.application";
		};
/* End PBXNativeTarget section */

/* Begin PBXProject section */
		CD910AB61FEE61C5007A7461 /* Project object */ = {
			isa = PBXProject;
			attributes = {
				LastSwiftUpdateCheck = 0830;
				LastUpgradeCheck = 0830;
				ORGANIZATIONNAME = SWUCOMPUTER;
				TargetAttributes = {
					CD910ABD1FEE61C5007A7461 = {
						CreatedOnToolsVersion = 8.3.3;
						ProvisioningStyle = Automatic;
					};
				};
			};
			buildConfigurationList = CD910AB91FEE61C5007A7461 /* Build configuration list for PBXProject "project" */;
			compatibilityVersion = "Xcode 3.2";
			developmentRegion = English;
			hasScannedForEncodings = 0;
			knownRegions = (
				en,
				Base,
			);
			mainGroup = CD910AB51FEE61C5007A7461;
			productRefGroup = CD910ABF1FEE61C5007A7461 /* Products */;
			projectDirPath = "";
			projectRoot = "";
			targets = (
				CD910ABD1FEE61C5007A7461 /* project */,
			);
		};
/* End PBXProject section */

/* Begin PBXResourcesBuildPhase section */
		CD910ABC1FEE61C5007A7461 /* Resources */ = {
			isa = PBXResourcesBuildPhase;
			buildActionMask = 2147483647;
			files = (
				CD910B111FF16D4B007A7461 /* 03.jpg in Resources */,
				CD910B101FF16D4B007A7461 /* 02.jpg in Resources */,
				CD910B131FF16D4B007A7461 /* 05.jpg in Resources */,
				CD910B171FF16D4B007A7461 /* 0013.png in Resources */,
				CD910B161FF16D4B007A7461 /* 0012.png in Resources */,
				CD910B141FF16D4B007A7461 /* 06.jpg in Resources */,
				CD910ACF1FEE61C5007A7461 /* LaunchScreen.storyboard in Resources */,
				CD910ACC1FEE61C5007A7461 /* Assets.xcassets in Resources */,
				CD910B121FF16D4B007A7461 /* 04.jpg in Resources */,
				CD910B151FF16D4B007A7461 /* 0011.png in Resources */,
				CD910B0F1FF16D4B007A7461 /* 01.jpg in Resources */,
				CD910B181FF16D4B007A7461 /* 0014.png in Resources */,
				CD910AC71FEE61C5007A7461 /* Main.storyboard in Resources */,
			);
			runOnlyForDeploymentPostprocessing = 0;
		};
/* End PBXResourcesBuildPhase section */

/* Begin PBXSourcesBuildPhase section */
		CD910ABA1FEE61C5007A7461 /* Sources */ = {
			isa = PBXSourcesBuildPhase;
			buildActionMask = 2147483647;
			files = (
				CD910ADB1FEFED5A007A7461 /* ViewController.swift in Sources */,
				CD910AE11FF07C9E007A7461 /* SaveViewController.swift in Sources */,
				CD910AE71FF14E2F007A7461 /* Location.swift in Sources */,
				CD910AE91FF151BF007A7461 /* LoctionTableViewController.swift in Sources */,
				CD910ACA1FEE61C5007A7461 /* project.xcdatamodeld in Sources */,
				CD910AE31FF10693007A7461 /* ViewViewController.swift in Sources */,
				CD910AC21FEE61C5007A7461 /* AppDelegate.swift in Sources */,
				CD910ADF1FF07C89007A7461 /* RootTableViewController.swift in Sources */,
				CD910AE51FF14455007A7461 /* MapViewController.swift in Sources */,
			);
			runOnlyForDeploymentPostprocessing = 0;
		};
/* End PBXSourcesBuildPhase section */

/* Begin PBXVariantGroup section */
		CD910AC51FEE61C5007A7461 /* Main.storyboard */ = {
			isa = PBXVariantGroup;
			children = (
				CD910AC61FEE61C5007A7461 /* Base */,
			);
			name = Main.storyboard;
			sourceTree = "<group>";
		};
		CD910ACD1FEE61C5007A7461 /* LaunchScreen.storyboard */ = {
			isa = PBXVariantGroup;
			children = (
				CD910ACE1FEE61C5007A7461 /* Base */,
			);
			name = LaunchScreen.storyboard;
			sourceTree = "<group>";
		};
/* End PBXVariantGroup section */

/* Begin XCBuildConfiguration section */
		CD910AD11FEE61C5007A7461 /* Debug */ = {
			isa = XCBuildConfiguration;
			buildSettings = {
				ALWAYS_SEARCH_USER_PATHS = NO;
				CLANG_ANALYZER_NONNULL = YES;
				CLANG_ANALYZER_NUMBER_OBJECT_CONVERSION = YES_AGGRESSIVE;
				CLANG_CXX_LANGUAGE_STANDARD = "gnu++0x";
				CLANG_CXX_LIBRARY = "libc++";
				CLANG_ENABLE_MODULES = YES;
				CLANG_ENABLE_OBJC_ARC = YES;
				CLANG_WARN_BOOL_CONVERSION = YES;
				CLANG_WARN_CONSTANT_CONVERSION = YES;
				CLANG_WARN_DIRECT_OBJC_ISA_USAGE = YES_ERROR;
				CLANG_WARN_DOCUMENTATION_COMMENTS = YES;
				CLANG_WARN_EMPTY_BODY = YES;
				CLANG_WARN_ENUM_CONVERSION = YES;
				CLANG_WARN_INFINITE_RECURSION = YES;
				CLANG_WARN_INT_CONVERSION = YES;
				CLANG_WARN_OBJC_ROOT_CLASS = YES_ERROR;
				CLANG_WARN_SUSPICIOUS_MOVE = YES;
				CLANG_WARN_UNREACHABLE_CODE = YES;
				CLANG_WARN__DUPLICATE_METHOD_MATCH = YES;
				"CODE_SIGN_IDENTITY[sdk=iphoneos*]" = "iPhone Developer";
				COPY_PHASE_STRIP = NO;
				DEBUG_INFORMATION_FORMAT = dwarf;
				ENABLE_STRICT_OBJC_MSGSEND = YES;
				ENABLE_TESTABILITY = YES;
				GCC_C_LANGUAGE_STANDARD = gnu99;
				GCC_DYNAMIC_NO_PIC = NO;
				GCC_NO_COMMON_BLOCKS = YES;
				GCC_OPTIMIZATION_LEVEL = 0;
				GCC_PREPROCESSOR_DEFINITIONS = (
					"DEBUG=1",
					"$(inherited)",
				);
				GCC_WARN_64_TO_32_BIT_CONVERSION = YES;
				GCC_WARN_ABOUT_RETURN_TYPE = YES_ERROR;
				GCC_WARN_UNDECLARED_SELECTOR = YES;
				GCC_WARN_UNINITIALIZED_AUTOS = YES_AGGRESSIVE;
				GCC_WARN_UNUSED_FUNCTION = YES;
				GCC_WARN_UNUSED_VARIABLE = YES;
				IPHONEOS_DEPLOYMENT_TARGET = 10.3;
				MTL_ENABLE_DEBUG_INFO = YES;
				ONLY_ACTIVE_ARCH = YES;
				SDKROOT = iphoneos;
				SWIFT_ACTIVE_COMPILATION_CONDITIONS = DEBUG;
				SWIFT_OPTIMIZATION_LEVEL = "-Onone";
			};
			name = Debug;
		};
		CD910AD21FEE61C5007A7461 /* Release */ = {
			isa = XCBuildConfiguration;
			buildSettings = {
				ALWAYS_SEARCH_USER_PATHS = NO;
				CLANG_ANALYZER_NONNULL = YES;
				CLANG_ANALYZER_NUMBER_OBJECT_CONVERSION = YES_AGGRESSIVE;
				CLANG_CXX_LANGUAGE_STANDARD = "gnu++0x";
				CLANG_CXX_LIBRARY = "libc++";
				CLANG_ENABLE_MODULES = YES;
				CLANG_ENABLE_OBJC_ARC = YES;
				CLANG_WARN_BOOL_CONVERSION = YES;
				CLANG_WARN_CONSTANT_CONVERSION = YES;
				CLANG_WARN_DIRECT_OBJC_ISA_USAGE = YES_ERROR;
				CLANG_WARN_DOCUMENTATION_COMMENTS = YES;
				CLANG_WARN_EMPTY_BODY = YES;
				CLANG_WARN_ENUM_CONVERSION = YES;
				CLANG_WARN_INFINITE_RECURSION = YES;
				CLANG_WARN_INT_CONVERSION = YES;
				CLANG_WARN_OBJC_ROOT_CLASS = YES_ERROR;
				CLANG_WARN_SUSPICIOUS_MOVE = YES;
				CLANG_WARN_UNREACHABLE_CODE = YES;
				CLANG_WARN__DUPLICATE_METHOD_MATCH = YES;
				"CODE_SIGN_IDENTITY[sdk=iphoneos*]" = "iPhone Developer";
				COPY_PHASE_STRIP = NO;
				DEBUG_INFORMATION_FORMAT = "dwarf-with-dsym";
				ENABLE_NS_ASSERTIONS = NO;
				ENABLE_STRICT_OBJC_MSGSEND = YES;
				GCC_C_LANGUAGE_STANDARD = gnu99;
				GCC_NO_COMMON_BLOCKS = YES;
				GCC_WARN_64_TO_32_BIT_CONVERSION = YES;
				GCC_WARN_ABOUT_RETURN_TYPE = YES_ERROR;
				GCC_WARN_UNDECLARED_SELECTOR = YES;
				GCC_WARN_UNINITIALIZED_AUTOS = YES_AGGRESSIVE;
				GCC_WARN_UNUSED_FUNCTION = YES;
				GCC_WARN_UNUSED_VARIABLE = YES;
				IPHONEOS_DEPLOYMENT_TARGET = 10.3;
				MTL_ENABLE_DEBUG_INFO = NO;
				SDKROOT = iphoneos;
				SWIFT_OPTIMIZATION_LEVEL = "-Owholemodule";
				VALIDATE_PRODUCT = YES;
			};
			name = Release;
		};
		CD910AD41FEE61C5007A7461 /* Debug */ = {
			isa = XCBuildConfiguration;
			buildSettings = {
				ASSETCATALOG_COMPILER_APPICON_NAME = AppIcon;
				INFOPLIST_FILE = project/Info.plist;
				LD_RUNPATH_SEARCH_PATHS = "$(inherited) @executable_path/Frameworks";
				PRODUCT_BUNDLE_IDENTIFIER = start.project;
				PRODUCT_NAME = "$(TARGET_NAME)";
				SWIFT_VERSION = 3.0;
			};
			name = Debug;
		};
		CD910AD51FEE61C5007A7461 /* Release */ = {
			isa = XCBuildConfiguration;
			buildSettings = {
				ASSETCATALOG_COMPILER_APPICON_NAME = AppIcon;
				INFOPLIST_FILE = project/Info.plist;
				LD_RUNPATH_SEARCH_PATHS = "$(inherited) @executable_path/Frameworks";
				PRODUCT_BUNDLE_IDENTIFIER = start.project;
				PRODUCT_NAME = "$(TARGET_NAME)";
				SWIFT_VERSION = 3.0;
			};
			name = Release;
		};
/* End XCBuildConfiguration section */

/* Begin XCConfigurationList section */
		CD910AB91FEE61C5007A7461 /* Build configuration list for PBXProject "project" */ = {
			isa = XCConfigurationList;
			buildConfigurations = (
				CD910AD11FEE61C5007A7461 /* Debug */,
				CD910AD21FEE61C5007A7461 /* Release */,
			);
			defaultConfigurationIsVisible = 0;
			defaultConfigurationName = Release;
		};
		CD910AD31FEE61C5007A7461 /* Build configuration list for PBXNativeTarget "project" */ = {
			isa = XCConfigurationList;
			buildConfigurations = (
				CD910AD41FEE61C5007A7461 /* Debug */,
				CD910AD51FEE61C5007A7461 /* Release */,
			);
			defaultConfigurationIsVisible = 0;
			defaultConfigurationName = Release;
		};
/* End XCConfigurationList section */

/* Begin XCVersionGroup section */
		CD910AC81FEE61C5007A7461 /* project.xcdatamodeld */ = {
			isa = XCVersionGroup;
			children = (
				CD910AC91FEE61C5007A7461 /* project.xcdatamodel */,
			);
			currentVersion = CD910AC91FEE61C5007A7461 /* project.xcdatamodel */;
			path = project.xcdatamodeld;
			sourceTree = "<group>";
			versionGroupType = wrapper.xcdatamodel;
		};
/* End XCVersionGroup section */
	};
	rootObject = CD910AB61FEE61C5007A7461 /* Project object */;
}
